
Microsoft Visual Studio Solution File, Format Version 12.00
# Visual Studio Version 17
VisualStudioVersion = 17.13.35931.197 d17.13
MinimumVisualStudioVersion = 10.0.40219.1
Project("{F184B08F-C81C-45F6-A57F-5ABD9991F28F}") = "GasAccounting", "GasAccounting.vbproj", "{0A60F2D3-83DE-4576-A8EF-56CBD4B390D8}"
EndProject
Project("{F184B08F-C81C-45F6-A57F-5ABD9991F28F}") = "GasAccounting.Tests", "..\GasAccounting.Tests\GasAccounting.Tests.vbproj", "{9DD3D2A6-CE94-4E6C-A86A-A0219347BF55}"
EndProject
Global
	GlobalSection(SolutionConfigurationPlatforms) = preSolution
		Debug|Any CPU = Debug|Any CPU
		Release|Any CPU = Release|Any CPU
	EndGlobalSection
	GlobalSection(ProjectConfigurationPlatforms) = postSolution
		{0A60F2D3-83DE-4576-A8EF-56CBD4B390D8}.Debug|Any CPU.ActiveCfg = Debug|Any CPU
		{0A60F2D3-83DE-4576-A8EF-56CBD4B390D8}.Debug|Any CPU.Build.0 = Debug|Any CPU
		{0A60F2D3-83DE-4576-A8EF-56CBD4B390D8}.Release|Any CPU.ActiveCfg = Release|Any CPU
		{0A60F2D3-83DE-4576-A8EF-56CBD4B390D8}.Release|Any CPU.Build.0 = Release|Any CPU
		{9DD3D2A6-CE94-4E6C-A86A-A0219347BF55}.Debug|Any CPU.ActiveCfg = Debug|Any CPU
		{9DD3D2A6-CE94-4E6C-A86A-A0219347BF55}.Debug|Any CPU.Build.0 = Debug|Any CPU
		{9DD3D2A6-CE94-4E6C-A86A-A0219347BF55}.Release|Any CPU.ActiveCfg = Release|Any CPU
		{9DD3D2A6-CE94-4E6C-A86A-A0219347BF55}.Release|Any CPU.Build.0 = Release|Any CPU
	EndGlobalSection
	GlobalSection(SolutionProperties) = preSolution
		HideSolutionNode = FALSE
	EndGlobalSection
	GlobalSection(ExtensibilityGlobals) = postSolution
		SolutionGuid = {BE60DAFC-D090-492F-9A06-A7DFE08C2041}
	EndGlobalSection
EndGlobal
